
Microsoft Visual Studio Solution File, Format Version 12.00
# Visual Studio 15
VisualStudioVersion = 15.0.27703.2035
MinimumVisualStudioVersion = 10.0.40219.1
Project("{F2A71F9B-5D33-465A-A702-920D77279786}") = "FSharpLib", "FSharpLib\FSharpLib.fsproj", "{D13316FB-7CC7-4B1B-86A7-18F4D60685D1}"
EndProject
Project("{FAE04EC0-301F-11D3-BF4B-00C04F79EFBC}") = "LibTest", "LibTest\LibTest.csproj", "{7CF5438F-E239-43CA-A775-CCFD4C865E0E}"
EndProject
Global
	GlobalSection(SolutionConfigurationPlatforms) = preSolution
		Debug|Any CPU = Debug|Any CPU
		Release|Any CPU = Release|Any CPU
	EndGlobalSection
	GlobalSection(ProjectConfigurationPlatforms) = postSolution
		{D13316FB-7CC7-4B1B-86A7-18F4D60685D1}.Debug|Any CPU.ActiveCfg = Debug|Any CPU
		{D13316FB-7CC7-4B1B-86A7-18F4D60685D1}.Debug|Any CPU.Build.0 = Debug|Any CPU
		{D13316FB-7CC7-4B1B-86A7-18F4D60685D1}.Release|Any CPU.ActiveCfg = Release|Any CPU
		{D13316FB-7CC7-4B1B-86A7-18F4D60685D1}.Release|Any CPU.Build.0 = Release|Any CPU
		{7CF5438F-E239-43CA-A775-CCFD4C865E0E}.Debug|Any CPU.ActiveCfg = Debug|Any CPU
		{7CF5438F-E239-43CA-A775-CCFD4C865E0E}.Debug|Any CPU.Build.0 = Debug|Any CPU
		{7CF5438F-E239-43CA-A775-CCFD4C865E0E}.Release|Any CPU.ActiveCfg = Release|Any CPU
		{7CF5438F-E239-43CA-A775-CCFD4C865E0E}.Release|Any CPU.Build.0 = Release|Any CPU
	EndGlobalSection
	GlobalSection(SolutionProperties) = preSolution
		HideSolutionNode = FALSE
	EndGlobalSection
	GlobalSection(ExtensibilityGlobals) = postSolution
		SolutionGuid = {5B3481E6-998E-44CA-875D-CFCA7E577242}
	EndGlobalSection
EndGlobal
